
Microsoft Visual Studio Solution File, Format Version 12.00
# Visual Studio Version 16
VisualStudioVersion = 16.0.29424.173
MinimumVisualStudioVersion = 15.0.26124.0
Project("{E53339B2-1760-4266-BCC7-CA923CBCF16C}") = "docker-compose", "docker-compose.dcproj", "{F817047F-018D-4F93-BDA5-58602073B634}"
EndProject
Project("{2150E333-8FDC-42A3-9474-1A3956D46DE8}") = "src", "src", "{827E0CD3-B72D-47B6-A68D-7590B98EB39B}"
EndProject
Project("{FAE04EC0-301F-11D3-BF4B-00C04F79EFBC}") = "OisExample.Admin", "src\OisExample.Admin\OisExample.Admin.csproj", "{236513D8-DA19-424E-8DA6-F8D890CC3BCE}"
EndProject
Project("{FAE04EC0-301F-11D3-BF4B-00C04F79EFBC}") = "OisExample.Admin.EntityFramework.Shared", "src\OisExample.Admin.EntityFramework.Shared\OisExample.Admin.EntityFramework.Shared.csproj", "{798C000A-109F-478F-9134-FA6E0AD6B089}"
EndProject
Project("{FAE04EC0-301F-11D3-BF4B-00C04F79EFBC}") = "OisExample.Admin.EntityFramework.PostgreSQL", "src\OisExample.Admin.EntityFramework.PostgreSQL\OisExample.Admin.EntityFramework.PostgreSQL.csproj", "{06D85F8D-1FB0-4A66-A2AD-5631234FA0A2}"
EndProject
Project("{FAE04EC0-301F-11D3-BF4B-00C04F79EFBC}") = "OisExample.Admin.EntityFramework.SqlServer", "src\OisExample.Admin.EntityFramework.SqlServer\OisExample.Admin.EntityFramework.SqlServer.csproj", "{79084F88-7770-4116-AB39-BAB1E6F718B3}"
EndProject
Project("{FAE04EC0-301F-11D3-BF4B-00C04F79EFBC}") = "OisExample.STS.Identity", "src\OisExample.STS.Identity\OisExample.STS.Identity.csproj", "{5A15BD9B-08FE-4DC9-B902-83EB15E34425}"
EndProject
Project("{FAE04EC0-301F-11D3-BF4B-00C04F79EFBC}") = "OisExample.Shared", "src\OisExample.Shared\OisExample.Shared.csproj", "{5744B394-7098-4759-9AC5-716A3E5C9372}"
EndProject
Project("{FAE04EC0-301F-11D3-BF4B-00C04F79EFBC}") = "OisExample.Admin.Api", "src\OisExample.Admin.Api\OisExample.Admin.Api.csproj", "{B2FE07CE-F9CA-4510-8B25-43530F6EE872}"
EndProject
Global
	GlobalSection(SolutionConfigurationPlatforms) = preSolution
		Debug|Any CPU = Debug|Any CPU
		Debug|x64 = Debug|x64
		Debug|x86 = Debug|x86
		Release|Any CPU = Release|Any CPU
		Release|x64 = Release|x64
		Release|x86 = Release|x86
	EndGlobalSection
	GlobalSection(ProjectConfigurationPlatforms) = postSolution
		{F817047F-018D-4F93-BDA5-58602073B634}.Debug|Any CPU.ActiveCfg = Debug|Any CPU
		{F817047F-018D-4F93-BDA5-58602073B634}.Debug|Any CPU.Build.0 = Debug|Any CPU
		{F817047F-018D-4F93-BDA5-58602073B634}.Debug|x64.ActiveCfg = Debug|Any CPU
		{F817047F-018D-4F93-BDA5-58602073B634}.Debug|x64.Build.0 = Debug|Any CPU
		{F817047F-018D-4F93-BDA5-58602073B634}.Debug|x86.ActiveCfg = Debug|Any CPU
		{F817047F-018D-4F93-BDA5-58602073B634}.Debug|x86.Build.0 = Debug|Any CPU
		{F817047F-018D-4F93-BDA5-58602073B634}.Release|Any CPU.ActiveCfg = Release|Any CPU
		{F817047F-018D-4F93-BDA5-58602073B634}.Release|Any CPU.Build.0 = Release|Any CPU
		{F817047F-018D-4F93-BDA5-58602073B634}.Release|x64.ActiveCfg = Release|Any CPU
		{F817047F-018D-4F93-BDA5-58602073B634}.Release|x64.Build.0 = Release|Any CPU
		{F817047F-018D-4F93-BDA5-58602073B634}.Release|x86.ActiveCfg = Release|Any CPU
		{F817047F-018D-4F93-BDA5-58602073B634}.Release|x86.Build.0 = Release|Any CPU
		{236513D8-DA19-424E-8DA6-F8D890CC3BCE}.Debug|Any CPU.ActiveCfg = Debug|Any CPU
		{236513D8-DA19-424E-8DA6-F8D890CC3BCE}.Debug|Any CPU.Build.0 = Debug|Any CPU
		{236513D8-DA19-424E-8DA6-F8D890CC3BCE}.Debug|x64.ActiveCfg = Debug|Any CPU
		{236513D8-DA19-424E-8DA6-F8D890CC3BCE}.Debug|x64.Build.0 = Debug|Any CPU
		{236513D8-DA19-424E-8DA6-F8D890CC3BCE}.Debug|x86.ActiveCfg = Debug|Any CPU
		{236513D8-DA19-424E-8DA6-F8D890CC3BCE}.Debug|x86.Build.0 = Debug|Any CPU
		{236513D8-DA19-424E-8DA6-F8D890CC3BCE}.Release|Any CPU.ActiveCfg = Release|Any CPU
		{236513D8-DA19-424E-8DA6-F8D890CC3BCE}.Release|Any CPU.Build.0 = Release|Any CPU
		{236513D8-DA19-424E-8DA6-F8D890CC3BCE}.Release|x64.ActiveCfg = Release|Any CPU
		{236513D8-DA19-424E-8DA6-F8D890CC3BCE}.Release|x64.Build.0 = Release|Any CPU
		{236513D8-DA19-424E-8DA6-F8D890CC3BCE}.Release|x86.ActiveCfg = Release|Any CPU
		{236513D8-DA19-424E-8DA6-F8D890CC3BCE}.Release|x86.Build.0 = Release|Any CPU
		{798C000A-109F-478F-9134-FA6E0AD6B089}.Debug|Any CPU.ActiveCfg = Debug|Any CPU
		{798C000A-109F-478F-9134-FA6E0AD6B089}.Debug|Any CPU.Build.0 = Debug|Any CPU
		{798C000A-109F-478F-9134-FA6E0AD6B089}.Debug|x64.ActiveCfg = Debug|Any CPU
		{798C000A-109F-478F-9134-FA6E0AD6B089}.Debug|x64.Build.0 = Debug|Any CPU
		{798C000A-109F-478F-9134-FA6E0AD6B089}.Debug|x86.ActiveCfg = Debug|Any CPU
		{798C000A-109F-478F-9134-FA6E0AD6B089}.Debug|x86.Build.0 = Debug|Any CPU
		{798C000A-109F-478F-9134-FA6E0AD6B089}.Release|Any CPU.ActiveCfg = Release|Any CPU
		{798C000A-109F-478F-9134-FA6E0AD6B089}.Release|Any CPU.Build.0 = Release|Any CPU
		{798C000A-109F-478F-9134-FA6E0AD6B089}.Release|x64.ActiveCfg = Release|Any CPU
		{798C000A-109F-478F-9134-FA6E0AD6B089}.Release|x64.Build.0 = Release|Any CPU
		{798C000A-109F-478F-9134-FA6E0AD6B089}.Release|x86.ActiveCfg = Release|Any CPU
		{798C000A-109F-478F-9134-FA6E0AD6B089}.Release|x86.Build.0 = Release|Any CPU
		{06D85F8D-1FB0-4A66-A2AD-5631234FA0A2}.Debug|Any CPU.ActiveCfg = Debug|Any CPU
		{06D85F8D-1FB0-4A66-A2AD-5631234FA0A2}.Debug|Any CPU.Build.0 = Debug|Any CPU
		{06D85F8D-1FB0-4A66-A2AD-5631234FA0A2}.Debug|x64.ActiveCfg = Debug|Any CPU
		{06D85F8D-1FB0-4A66-A2AD-5631234FA0A2}.Debug|x64.Build.0 = Debug|Any CPU
		{06D85F8D-1FB0-4A66-A2AD-5631234FA0A2}.Debug|x86.ActiveCfg = Debug|Any CPU
		{06D85F8D-1FB0-4A66-A2AD-5631234FA0A2}.Debug|x86.Build.0 = Debug|Any CPU
		{06D85F8D-1FB0-4A66-A2AD-5631234FA0A2}.Release|Any CPU.ActiveCfg = Release|Any CPU
		{06D85F8D-1FB0-4A66-A2AD-5631234FA0A2}.Release|Any CPU.Build.0 = Release|Any CPU
		{06D85F8D-1FB0-4A66-A2AD-5631234FA0A2}.Release|x64.ActiveCfg = Release|Any CPU
		{06D85F8D-1FB0-4A66-A2AD-5631234FA0A2}.Release|x64.Build.0 = Release|Any CPU
		{06D85F8D-1FB0-4A66-A2AD-5631234FA0A2}.Release|x86.ActiveCfg = Release|Any CPU
		{06D85F8D-1FB0-4A66-A2AD-5631234FA0A2}.Release|x86.Build.0 = Release|Any CPU
		{79084F88-7770-4116-AB39-BAB1E6F718B3}.Debug|Any CPU.ActiveCfg = Debug|Any CPU
		{79084F88-7770-4116-AB39-BAB1E6F718B3}.Debug|Any CPU.Build.0 = Debug|Any CPU
		{79084F88-7770-4116-AB39-BAB1E6F718B3}.Debug|x64.ActiveCfg = Debug|Any CPU
		{79084F88-7770-4116-AB39-BAB1E6F718B3}.Debug|x64.Build.0 = Debug|Any CPU
		{79084F88-7770-4116-AB39-BAB1E6F718B3}.Debug|x86.ActiveCfg = Debug|Any CPU
		{79084F88-7770-4116-AB39-BAB1E6F718B3}.Debug|x86.Build.0 = Debug|Any CPU
		{79084F88-7770-4116-AB39-BAB1E6F718B3}.Release|Any CPU.ActiveCfg = Release|Any CPU
		{79084F88-7770-4116-AB39-BAB1E6F718B3}.Release|Any CPU.Build.0 = Release|Any CPU
		{79084F88-7770-4116-AB39-BAB1E6F718B3}.Release|x64.ActiveCfg = Release|Any CPU
		{79084F88-7770-4116-AB39-BAB1E6F718B3}.Release|x64.Build.0 = Release|Any CPU
		{79084F88-7770-4116-AB39-BAB1E6F718B3}.Release|x86.ActiveCfg = Release|Any CPU
		{79084F88-7770-4116-AB39-BAB1E6F718B3}.Release|x86.Build.0 = Release|Any CPU
		{5A15BD9B-08FE-4DC9-B902-83EB15E34425}.Debug|Any CPU.ActiveCfg = Debug|Any CPU
		{5A15BD9B-08FE-4DC9-B902-83EB15E34425}.Debug|Any CPU.Build.0 = Debug|Any CPU
		{5A15BD9B-08FE-4DC9-B902-83EB15E34425}.Debug|x64.ActiveCfg = Debug|Any CPU
		{5A15BD9B-08FE-4DC9-B902-83EB15E34425}.Debug|x64.Build.0 = Debug|Any CPU
		{5A15BD9B-08FE-4DC9-B902-83EB15E34425}.Debug|x86.ActiveCfg = Debug|Any CPU
		{5A15BD9B-08FE-4DC9-B902-83EB15E34425}.Debug|x86.Build.0 = Debug|Any CPU
		{5A15BD9B-08FE-4DC9-B902-83EB15E34425}.Release|Any CPU.ActiveCfg = Release|Any CPU
		{5A15BD9B-08FE-4DC9-B902-83EB15E34425}.Release|Any CPU.Build.0 = Release|Any CPU
		{5A15BD9B-08FE-4DC9-B902-83EB15E34425}.Release|x64.ActiveCfg = Release|Any CPU
		{5A15BD9B-08FE-4DC9-B902-83EB15E34425}.Release|x64.Build.0 = Release|Any CPU
		{5A15BD9B-08FE-4DC9-B902-83EB15E34425}.Release|x86.ActiveCfg = Release|Any CPU
		{5A15BD9B-08FE-4DC9-B902-83EB15E34425}.Release|x86.Build.0 = Release|Any CPU
		{5744B394-7098-4759-9AC5-716A3E5C9372}.Debug|Any CPU.ActiveCfg = Debug|Any CPU
		{5744B394-7098-4759-9AC5-716A3E5C9372}.Debug|Any CPU.Build.0 = Debug|Any CPU
		{5744B394-7098-4759-9AC5-716A3E5C9372}.Debug|x64.ActiveCfg = Debug|Any CPU
		{5744B394-7098-4759-9AC5-716A3E5C9372}.Debug|x64.Build.0 = Debug|Any CPU
		{5744B394-7098-4759-9AC5-716A3E5C9372}.Debug|x86.ActiveCfg = Debug|Any CPU
		{5744B394-7098-4759-9AC5-716A3E5C9372}.Debug|x86.Build.0 = Debug|Any CPU
		{5744B394-7098-4759-9AC5-716A3E5C9372}.Release|Any CPU.ActiveCfg = Release|Any CPU
		{5744B394-7098-4759-9AC5-716A3E5C9372}.Release|Any CPU.Build.0 = Release|Any CPU
		{5744B394-7098-4759-9AC5-716A3E5C9372}.Release|x64.ActiveCfg = Release|Any CPU
		{5744B394-7098-4759-9AC5-716A3E5C9372}.Release|x64.Build.0 = Release|Any CPU
		{5744B394-7098-4759-9AC5-716A3E5C9372}.Release|x86.ActiveCfg = Release|Any CPU
		{5744B394-7098-4759-9AC5-716A3E5C9372}.Release|x86.Build.0 = Release|Any CPU
		{B2FE07CE-F9CA-4510-8B25-43530F6EE872}.Debug|Any CPU.ActiveCfg = Debug|Any CPU
		{B2FE07CE-F9CA-4510-8B25-43530F6EE872}.Debug|Any CPU.Build.0 = Debug|Any CPU
		{B2FE07CE-F9CA-4510-8B25-43530F6EE872}.Debug|x64.ActiveCfg = Debug|Any CPU
		{B2FE07CE-F9CA-4510-8B25-43530F6EE872}.Debug|x64.Build.0 = Debug|Any CPU
		{B2FE07CE-F9CA-4510-8B25-43530F6EE872}.Debug|x86.ActiveCfg = Debug|Any CPU
		{B2FE07CE-F9CA-4510-8B25-43530F6EE872}.Debug|x86.Build.0 = Debug|Any CPU
		{B2FE07CE-F9CA-4510-8B25-43530F6EE872}.Release|Any CPU.ActiveCfg = Release|Any CPU
		{B2FE07CE-F9CA-4510-8B25-43530F6EE872}.Release|Any CPU.Build.0 = Release|Any CPU
		{B2FE07CE-F9CA-4510-8B25-43530F6EE872}.Release|x64.ActiveCfg = Release|Any CPU
		{B2FE07CE-F9CA-4510-8B25-43530F6EE872}.Release|x64.Build.0 = Release|Any CPU
		{B2FE07CE-F9CA-4510-8B25-43530F6EE872}.Release|x86.ActiveCfg = Release|Any CPU
		{B2FE07CE-F9CA-4510-8B25-43530F6EE872}.Release|x86.Build.0 = Release|Any CPU
	EndGlobalSection
	GlobalSection(SolutionProperties) = preSolution
		HideSolutionNode = FALSE
	EndGlobalSection
	GlobalSection(NestedProjects) = preSolution
		{236513D8-DA19-424E-8DA6-F8D890CC3BCE} = {827E0CD3-B72D-47B6-A68D-7590B98EB39B}
		{798C000A-109F-478F-9134-FA6E0AD6B089} = {827E0CD3-B72D-47B6-A68D-7590B98EB39B}
		{06D85F8D-1FB0-4A66-A2AD-5631234FA0A2} = {827E0CD3-B72D-47B6-A68D-7590B98EB39B}
		{79084F88-7770-4116-AB39-BAB1E6F718B3} = {827E0CD3-B72D-47B6-A68D-7590B98EB39B}
		{5A15BD9B-08FE-4DC9-B902-83EB15E34425} = {827E0CD3-B72D-47B6-A68D-7590B98EB39B}
		{5744B394-7098-4759-9AC5-716A3E5C9372} = {827E0CD3-B72D-47B6-A68D-7590B98EB39B}
		{B2FE07CE-F9CA-4510-8B25-43530F6EE872} = {827E0CD3-B72D-47B6-A68D-7590B98EB39B}
	EndGlobalSection
	GlobalSection(ExtensibilityGlobals) = postSolution
		SolutionGuid = {549F6BA2-7BF0-4104-9088-47D242078F31}
	EndGlobalSection
EndGlobal
